
Microsoft Visual Studio Solution File, Format Version 12.00
# Visual Studio Version 17
VisualStudioVersion = 17.14.36915.13 d17.14
MinimumVisualStudioVersion = 10.0.40219.1
Project("{FAE04EC0-301F-11D3-BF4B-00C04F79EFBC}") = "G-Net-34-ADV03", "G-Net-34-ADV03\G-Net-34-ADV03.csproj", "{8BA93033-9F97-4777-B92B-5DC1C57F9676}"
EndProject
Global
	GlobalSection(SolutionConfigurationPlatforms) = preSolution
		Debug|Any CPU = Debug|Any CPU
		Release|Any CPU = Release|Any CPU
	EndGlobalSection
	GlobalSection(ProjectConfigurationPlatforms) = postSolution
		{8BA93033-9F97-4777-B92B-5DC1C57F9676}.Debug|Any CPU.ActiveCfg = Debug|Any CPU
		{8BA93033-9F97-4777-B92B-5DC1C57F9676}.Debug|Any CPU.Build.0 = Debug|Any CPU
		{8BA93033-9F97-4777-B92B-5DC1C57F9676}.Release|Any CPU.ActiveCfg = Release|Any CPU
		{8BA93033-9F97-4777-B92B-5DC1C57F9676}.Release|Any CPU.Build.0 = Release|Any CPU
	EndGlobalSection
	GlobalSection(SolutionProperties) = preSolution
		HideSolutionNode = FALSE
	EndGlobalSection
	GlobalSection(ExtensibilityGlobals) = postSolution
		SolutionGuid = {8535E609-6484-4307-B1F4-CBBAE4D96291}
	EndGlobalSection
EndGlobal
